GEM
  remote: https://rubygems.org/
  specs:
    activemodel (7.2.4)
      activesupport (= 7.2.4)
    activerecord (7.2.4)
      activemodel (= 7.2.4)
      activesupport (= 7.2.4)
      timeout (>= 0.4.0)
    activesupport (7.2.4)
      base64
      benchmark (>= 0.3)
      bigdecimal
      concurrent-ruby (~> 1.0, >= 1.3.1)
      connection_pool (>= 2.2.5, < 3)
      drb
      i18n (>= 1.6, < 2)
      logger (>= 1.4.2)
      minitest (>= 5.1, < 6)
      securerandom (>= 0.3)
      tzinfo (~> 2.0, >= 2.0.5)
    amazing_print (1.4.0)
    amq-protocol (2.9.0)
    ast (2.4.3)
    base64 (0.3.0)
    benchmark (0.5.0)
    bigdecimal (4.1.3)
    bunny (2.24.0)
      amq-protocol (~> 2.3)
      sorted_set (~> 1, >= 1.0.2)
    coderay (1.1.3)
    concurrent-ruby (1.3.8)
    connection_pool (2.5.5)
    dotenv (2.8.1)
    drb (2.2.3)
    dry-initializer (3.0.4)
    faraday (1.0.1)
      multipart-post (>= 1.2, < 3)
    faraday_middleware (1.0.0)
      faraday (~> 1.0)
    i18n (1.15.2)
      concurrent-ruby (~> 1.0)
    io-console (0.9.4)
    json (2.21.2)
    jsonapi-serializer (2.2.0)
      activesupport (>= 4.2)
    kaminari-activerecord (1.2.2)
      activerecord
      kaminari-core (= 1.2.2)
    kaminari-core (1.2.2)
    language_server-protocol (3.17.0.6)
    lint_roller (1.1.0)
    logger (1.7.0)
    method_source (1.1.0)
    minitest (5.27.0)
    multi_json (1.21.2)
    multipart-post (2.4.1)
    mustermann (2.0.2)
      ruby2_keywords (~> 0.0.1)
    newrelic_rpm (10.9.0)
      logger
    nio4r (2.7.5)
    oj (3.17.6)
      bigdecimal (>= 3.0)
      ostruct (>= 0.2)
    ostruct (0.6.3)
    ougai (1.9.1)
      oj (~> 3.10)
    parallel (2.2.0)
    parser (3.3.12.0)
      ast (~> 2.4.1)
      racc
    pg (1.6.3)
    pg (1.6.3-aarch64-linux)
    pg (1.6.3-aarch64-linux-musl)
    pg (1.6.3-arm64-darwin)
    pg (1.6.3-x86_64-darwin)
    pg (1.6.3-x86_64-linux)
    pg (1.6.3-x86_64-linux-musl)
    prism (1.9.0)
    pry (0.16.0)
      coderay (~> 1.1)
      method_source (~> 1.0)
      reline (>= 0.6.0)
    puma (5.6.9)
      nio4r (~> 2.0)
    racc (1.8.1)
    rack (2.2.24)
    rack-contrib (2.5.0)
      rack (< 4)
    rack-ougai (0.2.1)
      ougai (~> 1.5)
      rack (~> 2.0)
    rack-protection (2.2.4)
      rack
    rack-request-id (0.0.4)
    rainbow (3.1.1)
    rake (13.4.2)
    rbtree (0.4.7)
    regexp_parser (2.13.0)
    reline (0.7.0)
      io-console (~> 0.5)
    require_all (3.0.0)
    rubocop (1.91.0)
      json (>= 2.3)
      language_server-protocol (~> 3.17.0.2)
      lint_roller (~> 1.1.0)
      parallel (>= 1.10)
      parser (>= 3.3.0.2)
      rainbow (>= 2.2.2, < 4.0)
      regexp_parser (>= 2.9.3, < 3.0)
      rubocop-ast (>= 1.49.0, < 2.0)
      ruby-progressbar (~> 1.7)
      unicode-display_width (>= 2.4.0, < 4.0)
    rubocop-ast (1.50.0)
      parser (>= 3.3.7.2)
      prism (~> 1.7)
    ruby-progressbar (1.13.0)
    ruby2_keywords (0.0.5)
    securerandom (0.4.1)
    sinatra (2.2.4)
      mustermann (~> 2.0)
      rack (~> 2.2)
      rack-protection (= 2.2.4)
      tilt (~> 2.0)
    sinatra-activerecord (2.0.28)
      activerecord (>= 4.1)
      sinatra (>= 1.0)
    sinatra-contrib (2.2.4)
      multi_json
      mustermann (~> 2.0)
      rack-protection (= 2.2.4)
      sinatra (= 2.2.4)
      tilt (~> 2.0)
    sinatra-strong-params (0.1.0)
      sinatra (>= 1.4.0)
    sorted_set (1.1.0)
      rbtree
    tilt (2.9.0)
    timeout (0.6.1)
    tzinfo (2.0.6)
      concurrent-ruby (~> 1.0)
    unicode-display_width (3.3.0)
      unicode-emoji (~> 4.3)
    unicode-emoji (4.3.0)

PLATFORMS
  aarch64-linux
  aarch64-linux-gnu
  aarch64-linux-musl
  arm-linux-gnu
  arm-linux-musl
  arm64-darwin
  x86_64-darwin
  x86_64-linux
  x86_64-linux-gnu
  x86_64-linux-musl

DEPENDENCIES
  activerecord (~> 7.1)
  activesupport (~> 7.1)
  amazing_print (~> 1.4.0)
  bunny (~> 2.19)
  dotenv (~> 2.7)
  dry-initializer (~> 3.0.3)
  faraday (~> 1.0.1)
  faraday_middleware (~> 1.0.0)
  json (~> 2.7)
  jsonapi-serializer (~> 2.2)
  kaminari-activerecord (~> 1.2)
  newrelic_rpm
  pg (~> 1.2)
  pry (~> 0.14)
  puma (~> 5.5)
  rack (~> 2.2)
  rack-contrib (~> 2.3)
  rack-ougai (~> 0.2.1)
  rack-request-id (~> 0.0.4)
  rake (~> 13.0)
  require_all (~> 3.0)
  rubocop (~> 1.21)
  sinatra (~> 2.1)
  sinatra-activerecord (~> 2.0)
  sinatra-contrib (~> 2.1)
  sinatra-strong-params (~> 0.1)

BUNDLED WITH
   2.5.22
